
Microsoft Visual Studio Solution File, Format Version 12.00
# Visual Studio 15
VisualStudioVersion = 15.0.27428.2043
MinimumVisualStudioVersion = 10.0.40219.1
Project("{FAE04EC0-301F-11D3-BF4B-00C04F79EFBC}") = "automationpractice", "automationpractice.csproj", "{9F19F34D-E906-4440-89A0-AD28664B1741}"
EndProject
Global
	GlobalSection(SolutionConfigurationPlatforms) = preSolution
		Debug|Any CPU = Debug|Any CPU
		Release|Any CPU = Release|Any CPU
	EndGlobalSection
	GlobalSection(ProjectConfigurationPlatforms) = postSolution
		{9F19F34D-E906-4440-89A0-AD28664B1741}.Debug|Any CPU.ActiveCfg = Debug|Any CPU
		{9F19F34D-E906-4440-89A0-AD28664B1741}.Debug|Any CPU.Build.0 = Debug|Any CPU
		{9F19F34D-E906-4440-89A0-AD28664B1741}.Release|Any CPU.ActiveCfg = Release|Any CPU
		{9F19F34D-E906-4440-89A0-AD28664B1741}.Release|Any CPU.Build.0 = Release|Any CPU
	EndGlobalSection
	GlobalSection(SolutionProperties) = preSolution
		HideSolutionNode = FALSE
	EndGlobalSection
	GlobalSection(ExtensibilityGlobals) = postSolution
		SolutionGuid = {E86A7F86-D99C-4CF5-8435-53BBF49ADE17}
	EndGlobalSection
EndGlobal
